
Microsoft Visual Studio Solution File, Format Version 12.00
# Visual Studio Version 17
VisualStudioVersion = 17.2.32602.215
MinimumVisualStudioVersion = 10.0.40219.1
Project("{FAE04EC0-301F-11D3-BF4B-00C04F79EFBC}") = "MyMarriageWebApp", "MyMarriageWebApp\MyMarriageWebApp.csproj", "{4EAF327D-43ED-43A8-8FFF-74049AA13BE3}"
EndProject
Global
	GlobalSection(SolutionConfigurationPlatforms) = preSolution
		Debug|Any CPU = Debug|Any CPU
		Release|Any CPU = Release|Any CPU
	EndGlobalSection
	GlobalSection(ProjectConfigurationPlatforms) = postSolution
		{4EAF327D-43ED-43A8-8FFF-74049AA13BE3}.Debug|Any CPU.ActiveCfg = Debug|Any CPU
		{4EAF327D-43ED-43A8-8FFF-74049AA13BE3}.Debug|Any CPU.Build.0 = Debug|Any CPU
		{4EAF327D-43ED-43A8-8FFF-74049AA13BE3}.Release|Any CPU.ActiveCfg = Release|Any CPU
		{4EAF327D-43ED-43A8-8FFF-74049AA13BE3}.Release|Any CPU.Build.0 = Release|Any CPU
	EndGlobalSection
	GlobalSection(SolutionProperties) = preSolution
		HideSolutionNode = FALSE
	EndGlobalSection
	GlobalSection(ExtensibilityGlobals) = postSolution
		SolutionGuid = {F5C6CCA3-73B6-4CCA-8F53-69B36D9F2F25}
	EndGlobalSection
EndGlobal
